# This file is automatically @generated by Poetry 2.1.4 and should not be changed by hand.

[[package]]
name = "markdown"
version = "3.9"
description = "Python implementation of John Gruber's Markdown."
optional = false
python-versions = ">=3.9"
groups = ["main"]
files = [
    {file = "markdown-3.9-py3-none-any.whl", hash = "sha256:9f4d91ed810864ea88a6f32c07ba8bee1346c0cc1f6b1f9f6c822f2a9667d280"},
    {file = "markdown-3.9.tar.gz", hash = "sha256:d2900fe1782bd33bdbbd56859defef70c2e78fc46668f8eb9df3128138f2cb6a"},
]

[package.extras]
docs = ["mdx_gh_links (>=0.2)", "mkdocs (>=1.6)", "mkdocs-gen-files", "mkdocs-literate-nav", "mkdocs-nature (>=0.6)", "mkdocs-section-index", "mkdocstrings[python]"]
testing = ["coverage", "pyyaml"]

[[package]]
name = "polib"
version = "1.2.0"
description = "A library to manipulate gettext files (po and mo files)."
optional = false
python-versions = "*"
groups = ["main"]
files = [
    {file = "polib-1.2.0-py2.py3-none-any.whl", hash = "sha256:1c77ee1b81feb31df9bca258cbc58db1bbb32d10214b173882452c73af06d62d"},
    {file = "polib-1.2.0.tar.gz", hash = "sha256:f3ef94aefed6e183e342a8a269ae1fc4742ba193186ad76f175938621dbfc26b"},
]

[metadata]
lock-version = "2.1"
python-versions = ">=3.13"
content-hash = "a1cd50fa48b9af4053e5334d57edbd1a0fe850dd8a24be39520011a65ddb7925"
